
Microsoft Visual Studio Solution File, Format Version 12.00
# Visual Studio 15
VisualStudioVersion = 15.0.26403.7
MinimumVisualStudioVersion = 10.0.40219.1
Project("{FAE04EC0-301F-11D3-BF4B-00C04F79EFBC}") = "Board-Developing-System-Prototype", "Board-Developing-System-Prototype\Board-Developing-System-Prototype.csproj", "{CC890AB5-1F23-45D0-9D53-E6AA4E0323EA}"
EndProject
Project("{FAE04EC0-301F-11D3-BF4B-00C04F79EFBC}") = "Board-Developing-System-PrototypeTests", "Board-Developing-System-PrototypeTests\Board-Developing-System-PrototypeTests.csproj", "{9A632770-5665-4C3D-8516-A97C103FD0D7}"
EndProject
Global
	GlobalSection(SolutionConfigurationPlatforms) = preSolution
		Debug|Any CPU = Debug|Any CPU
		Release|Any CPU = Release|Any CPU
	EndGlobalSection
	GlobalSection(ProjectConfigurationPlatforms) = postSolution
		{CC890AB5-1F23-45D0-9D53-E6AA4E0323EA}.Debug|Any CPU.ActiveCfg = Debug|Any CPU
		{CC890AB5-1F23-45D0-9D53-E6AA4E0323EA}.Debug|Any CPU.Build.0 = Debug|Any CPU
		{CC890AB5-1F23-45D0-9D53-E6AA4E0323EA}.Release|Any CPU.ActiveCfg = Release|Any CPU
		{CC890AB5-1F23-45D0-9D53-E6AA4E0323EA}.Release|Any CPU.Build.0 = Release|Any CPU
		{9A632770-5665-4C3D-8516-A97C103FD0D7}.Debug|Any CPU.ActiveCfg = Debug|Any CPU
		{9A632770-5665-4C3D-8516-A97C103FD0D7}.Debug|Any CPU.Build.0 = Debug|Any CPU
		{9A632770-5665-4C3D-8516-A97C103FD0D7}.Release|Any CPU.ActiveCfg = Release|Any CPU
		{9A632770-5665-4C3D-8516-A97C103FD0D7}.Release|Any CPU.Build.0 = Release|Any CPU
	EndGlobalSection
	GlobalSection(SolutionProperties) = preSolution
		HideSolutionNode = FALSE
	EndGlobalSection
EndGlobal
